# @generated - this file is auto-generated by `mise lock` https://mise.jdx.dev/dev-tools/mise-lock.html

lockfile_version = 2

[[tools.node]]
version = "24.21.0"
backend = "core:node"
specifiers = ["lts"]

[[tools.pnpm]]
version = "12.6.0"
backend = "aqua:pnpm/pnpm"
specifiers = ["latest"]

[[tools.rust]]
version = "stable"
backend = "core:rust"
specifiers = ["stable"]

[tools.rust.options]
components = "clippy,rustfmt"
